# This file is autogenerated, do not edit; changes may be undone by the next 'dep ensure'.


[[projects]]
  branch = "master"
  digest = "1:a9d9206dbb15f9bfcac53ac8a41bedace19752b447c2ec4c7de525933171c9ab"
  name = "github.com/Financial-Times/api-endpoint"
  packages = ["."]
  pruneopts = "UT"
  revision = "802a63542ff0fe6cf81c06a31fdd330a8202ac61"

[[projects]]
  digest = "1:4fe570eca4e4190605fc40170a4ba0e66caf7c261b991f39dbcd185c2e6baf2d"
  name = "github.com/Financial-Times/base-ft-rw-app-go"
  packages = ["baseftrwapp"]
  pruneopts = "UT"
  revision = "74eab27b0c6d6044fd326183ddd37ea8ac0e236e"
  version = "1.0.3"

[[projects]]
  digest = "1:0e3c30694c9f3c284136c22a733cd119f6d7144a1e436eadfd1e5b9cdbeeefdf"
  name = "github.com/Financial-Times/go-fthealth"
  packages = ["v1_1"]
  pruneopts = "UT"
  revision = "1b007e2b37b7936dfb6671fa17e5a29fd35a08ea"
  version = "0.4.0"

[[projects]]
  digest = "1:fec6cd26948c03befc028d58301f20f60c7934deba23b6d123c3374433104c4e"
  name = "github.com/Financial-Times/go-logger"
  packages = [
    ".",
    "test",
  ]
  pruneopts = "UT"
  revision = "febee6537e90971bab6f6fe60b71b4a0562dcab3"
  version = "1.0.0"

[[projects]]
  digest = "1:92da547d0414ad8a3f1a405503ee9b103cb87f5beabc52ef907f712f2ee1caf2"
  name = "github.com/Financial-Times/http-handlers-go"
  packages = ["httphandlers"]
  pruneopts = "UT"
  revision = "229ac16f1d9ec9bca485d2dafb9ec14dc7e9ba24"
  version = "0.1.1"

[[projects]]
  digest = "1:662ea14fe7a0dc09fa8644987d69f283e7bf295b890129d347a0d14bb882019a"
  name = "github.com/Financial-Times/message-queue-go-producer"
  packages = ["producer"]
  pruneopts = "UT"
  revision = "0bb065111416c0de78db51acb926ba3a3ae3c4e2"
  version = "0.2.0"

[[projects]]
  digest = "1:b5d1256554972b200522dd10dfe8a67a362fa0b5c2431479e8598a8e507a4949"
  name = "github.com/Financial-Times/message-queue-gonsumer"
  packages = ["consumer"]
  pruneopts = "UT"
  revision = "6f96a5cb1e34c4baa8bc64f56524a7f2e0092ed3"
  version = "0.4.0"

[[projects]]
  digest = "1:1903443c7d64428cb750d35bdf03c925f59c9704280a88991290f38b8b34f4b6"
  name = "github.com/Financial-Times/neo-utils-go"
  packages = ["neoutils"]
  pruneopts = "UT"
  revision = "5cb1750096545b3c8f7384326247e3e30996a905"
  version = "1.0.2"

[[projects]]
  digest = "1:79842a99b682a84375be78f0c6ba316d784eb347f8db2354c3a68fee39a497da"
  name = "github.com/Financial-Times/service-status-go"
  packages = [
    "buildinfo",
    "gtg",
    "httphandlers",
  ]
  pruneopts = "UT"
  revision = "3f5199736a3d7ae52394c63aac36834786825e21"
  version = "0.1.0"

[[projects]]
  digest = "1:3ee48edc69d7152ce46d205ef4b47e7a2e83425a8120d62cd82492e89cb609fd"
  name = "github.com/Financial-Times/transactionid-utils-go"
  packages = ["."]
  pruneopts = "UT"
  revision = "a2b1163e7c2f6c77add74ca2c7fc7422323a2d78"
  version = "v0.1.0"

[[projects]]
  digest = "1:cd53695006485e7005389f4b479da43782960a4773f8223a56aff84406fa6698"
  name = "github.com/Financial-Times/up-rw-app-api-go"
  packages = ["rwapi"]
  pruneopts = "UT"
  revision = "d9d93a1f689538313d12fee6f5f10715cfe280e0"
  version = "1.0.0"

[[projects]]
  branch = "master"
  digest = "1:7b274cc72af687fe6eb618acd83b9601c4317fbe5ac1dfb41cc116e3495f68b0"
  name = "github.com/cyberdelia/go-metrics-graphite"
  packages = ["."]
  pruneopts = "UT"
  revision = "39f87cc3b432bbb898d7c643c0e93cac2bc865ad"

[[projects]]
  digest = "1:511f7e1ca840c3b8c5761870d8606aa8bdf95f5d422a74fbe0ef3cf210cfe2c9"
  name = "github.com/davecgh/go-spew"
  packages = ["spew"]
  pruneopts = "UT"
  revision = "04cdfd42973bb9c8589fd6a731800cf222fde1a9"

[[projects]]
  branch = "master"
  digest = "1:fdae1c338ec6667687fb3fdbde842b3c421c930163981b5d441502b240b7f50b"
  name = "github.com/dchest/uniuri"
  packages = ["."]
  pruneopts = "UT"
  revision = "8902c56451e9b58ff940bbe5fec35d5f9c04584a"

[[projects]]
  digest = "1:c79fb010be38a59d657c48c6ba1d003a8aa651fa56b579d959d74573b7dff8e1"
  name = "github.com/gorilla/context"
  packages = ["."]
  pruneopts = "UT"
  revision = "08b5f424b9271eedf6f9f0ce86cb9396ed337a42"
  version = "v1.1.1"

[[projects]]
  digest = "1:19bce09af6f0cff803e3e74694b6a5539b30451682be6af081e30fdae242da9b"
  name = "github.com/gorilla/handlers"
  packages = ["."]
  pruneopts = "UT"
  revision = "13d73096a474cac93275c679c7b8a2dc17ddba82"

[[projects]]
  digest = "1:099bdd0a1b3a8f20c016e5e4c7c0eb717ec21fab7537633ce7088d7dece2dde6"
  name = "github.com/gorilla/mux"
  packages = ["."]
  pruneopts = "UT"
  revision = "392c28fe23e1c45ddba891b0320b3b5df220beea"
  version = "v1.3.0"

[[projects]]
  digest = "1:826df03282c5a336f1d23a07ce0ec0a26c7230e1a5d5a79a8ea4b68c0c8462b3"
  name = "github.com/hashicorp/go-version"
  packages = ["."]
  pruneopts = "UT"
  revision = "03c5bf6be031b6dd45afec16b1cf94fc8938bc77"

[[projects]]
  digest = "1:0bbc979cbe2bd7bbad6fa6db6464d66d458e1610235dcc8b66fb3b1254eae7c2"
  name = "github.com/jawher/mow.cli"
  packages = ["."]
  pruneopts = "UT"
  revision = "0de3d3b4ed00f261460d12ecde4efa90fbfcd8ed"

[[projects]]
  digest = "1:15f0b2fcf9c214bdafde6b061ea2dcbfdf504b9b21a3c69eea350fb9b33ae9c9"
  name = "github.com/jmcvetta/neoism"
  packages = ["."]
  pruneopts = "UT"
  revision = "9d29cb10be18b1256c9290b9fc9b64c34278b8b7"

[[projects]]
  branch = "master"
  digest = "1:c32290d024281ffba4a3dd53d65e2e48103262b4757fc3fcb3d3470852753e7f"
  name = "github.com/jmcvetta/randutil"
  packages = ["."]
  pruneopts = "UT"
  revision = "2bb1b664bcff821e02b2a0644cd29c7e824d54f8"

[[projects]]
  digest = "1:06d94e582555f421565b117d324d2098f9e666a0bccf545bfb4eb0cc6bdc1b6e"
  name = "github.com/kr/pretty"
  packages = ["."]
  pruneopts = "UT"
  revision = "cfb55aafdaf3ec08f0db22699ab822c50091b1c4"

[[projects]]
  digest = "1:d249ec295344198f1d3cb3534dc03204a83f7321b99fa604284e4eec1792ddf5"
  name = "github.com/kr/text"
  packages = ["."]
  pruneopts = "UT"
  revision = "7cafcd837844e784b526369c9bce262804aebc60"

[[projects]]
  digest = "1:08413c4235cad94a96c39e1e2f697789733c4a87d1fdf06b412d2cf2ba49826a"
  name = "github.com/pmezard/go-difflib"
  packages = ["difflib"]
  pruneopts = "UT"
  revision = "d8ed2627bdf02c080bf22230dbb337003b7aba2d"

[[projects]]
  digest = "1:166d5400333156c32e5ae39062e75bf455882007797f45fdcf8079e6634489f6"
  name = "github.com/rcrowley/go-metrics"
  packages = ["."]
  pruneopts = "UT"
  revision = "1f30fe9094a513ce4c700b9a54458bbb0c96996c"

[[projects]]
  digest = "1:e589afe1921e2b183b1cc58a06d7b36ee703a1fdb3cfc41370903c75a5d00b2a"
  name = "github.com/satori/go.uuid"
  packages = ["."]
  pruneopts = "UT"
  revision = "5bf94b69c6b68ee1b541973bb8e1144db23a194b"

[[projects]]
  digest = "1:2cf43d017348f06dc503ed7e639717262208f79ddca52ce2f01776e71543b567"
  name = "github.com/sirupsen/logrus"
  packages = [
    ".",
    "hooks/test",
  ]
  pruneopts = "UT"
  revision = "c155da19408a8799da419ed3eeb0cb5db0ad5dbc"
  version = "v1.0.5"

[[projects]]
  digest = "1:b566bbc018497ffb47060cab752ed1b899dea649c9cf1c6b54ae13b4f81f4d10"
  name = "github.com/stretchr/testify"
  packages = ["assert"]
  pruneopts = "UT"
  revision = "4d4bfba8f1d1027c4fdbe371823030df51419987"

[[projects]]
  digest = "1:e4fe44b4ad457fd027f64318b963be3af4287bf5b842c0b621bf24f7dcdeccfb"
  name = "go4.org"
  packages = ["osutil"]
  pruneopts = "UT"
  revision = "7ce08ca145dbe0e66a127c447b80ee7914f3e4f9"

[[projects]]
  digest = "1:3f3a05ae0b95893d90b9b3b5afdb79a9b3d96e4e36e099d841ae602e4aca0da8"
  name = "golang.org/x/crypto"
  packages = ["ssh/terminal"]
  pruneopts = "UT"
  revision = "88942b9c40a4c9d203b82b3731787b672d6e809b"

[[projects]]
  digest = "1:137a07d176f06db21c807d085339244f6a58ddac7d4f2fe5607a39392a2dcb5a"
  name = "golang.org/x/net"
  packages = ["context"]
  pruneopts = "UT"
  revision = "236b8f043b920452504e263bc21d354427127473"

[[projects]]
  digest = "1:42059a9e1ce18ffd3aca3c286f262aeaa9b1584b3a43eed96d1321bad11215be"
  name = "golang.org/x/sys"
  packages = [
    "unix",
    "windows",
  ]
  pruneopts = "UT"
  revision = "91ee8cde435411ca3f1cd365e8f20131aed4d0a1"

[[projects]]
  digest = "1:81a73f5bd96dac5a4471de46bd02f2f5cef26de1b50e517ea5cf0c079f3f95f7"
  name = "gopkg.in/jmcvetta/napping.v3"
  packages = ["."]
  pruneopts = "UT"
  revision = "d2748d8bdd2cffedec5c3024958de65bf7cb55aa"
  version = "v3.1.1"

[[projects]]
  digest = "1:bfc3483ad7fd73bce5f9c4b6b1e8cc947baa1d87953ce2d056462a5d4035c51b"
  name = "gopkg.in/yaml.v2"
  packages = ["."]
  pruneopts = "UT"
  revision = "86f5ed62f8a0ee96bd888d2efdfd6d4fb100a4eb"
  version = "v2.2.0"

[solve-meta]
  analyzer-name = "dep"
  analyzer-version = 1
  input-imports = [
    "github.com/Financial-Times/base-ft-rw-app-go/baseftrwapp",
    "github.com/Financial-Times/go-fthealth/v1_1",
    "github.com/Financial-Times/go-logger",
    "github.com/Financial-Times/go-logger/test",
    "github.com/Financial-Times/http-handlers-go/httphandlers",
    "github.com/Financial-Times/message-queue-go-producer/producer",
    "github.com/Financial-Times/message-queue-gonsumer/consumer",
    "github.com/Financial-Times/service-status-go/gtg",
    "github.com/Financial-Times/service-status-go/httphandlers",
    "github.com/dchest/uniuri",
    "github.com/gorilla/handlers",
    "github.com/gorilla/mux",
    "github.com/jawher/mow.cli",
    "github.com/rcrowley/go-metrics",
    "github.com/satori/go.uuid",
    "github.com/stretchr/testify/assert",
  ]
  solver-name = "gps-cdcl"
  solver-version = 1
